PODS:
  - FBSnapshotTestCase (2.1.0):
    - FBSnapshotTestCase/SwiftSupport (= 2.1.0)
  - FBSnapshotTestCase/Core (2.1.0)
  - FBSnapshotTestCase/SwiftSupport (2.1.0):
    - FBSnapshotTestCase/Core
  - Kiwi (2.4.0)
  - PBTestLib (0.1.0)

DEPENDENCIES:
  - FBSnapshotTestCase
  - Kiwi
  - PBTestLib (from `../`)

EXTERNAL SOURCES:
  PBTestLib:
    :path: ../

SPEC CHECKSUMS:
  FBSnapshotTestCase: 366ecd378511d7716c79991cd8067d1eed23578d
  Kiwi: f49c9d54b28917df5928fe44968a39ed198cb8a8
  PBTestLib: 520fa806dd28f2c6f1ac4bbfea9abfa3c024a51c

COCOAPODS: 0.39.0
